github.com/ahaooahaz/newsroom v0.0.0-20230626100030-0b4be790a3d2 h1:BNYH6CEi/jCTk1ZZls6PAiZWNGw5Baj1r3Z71xbMIp8=
github.com/ahaooahaz/newsroom v0.0.0-20230626100030-0b4be790a3d2/go.mod h1:WXLB7y7OQzmrWChHUT+bGLGhEh0WIdqJO+fR4RVBBhI=
github.com/ahaooahaz/newsroom v0.0.0-20230830091748-43cad7ed64c4 h1:2tk2Zw7bKMV8+jmcxifMGeKXOLx9bsOThO0aSjod/Eo=
github.com/ahaooahaz/newsroom v0.0.0-20230830091748-43cad7ed64c4/go.mod h1:WXLB7y7OQzmrWChHUT+bGLGhEh0WIdqJO+fR4RVBBhI=
github.com/ahaooahaz/newsroom v0.0.0-20230830093848-8552810f1a11 h1:IaoAQympac7ridTRt/+IQjKbSHxkpS56rUOwfY9lXkM=
github.com/ahaooahaz/newsroom v0.0.0-20230830093848-8552810f1a11/go.mod h1:WXLB7y7OQzmrWChHUT+bGLGhEh0WIdqJO+fR4RVBBhI=
github.com/ahaooahaz/newsroom v0.0.0-20230830094947-96eccb86409d h1:W0EuyGfX7Swzhj15nQaNFRdMRjsXpeg1LBPYJX2lsEs=
github.com/ahaooahaz/newsroom v0.0.0-20230830094947-96eccb86409d/go.mod h1:WXLB7y7OQzmrWChHUT+bGLGhEh0WIdqJO+fR4RVBBhI=
github.com/ahaooahaz/newsroom v0.0.0-20230830095721-16fe2a0d8912 h1:OIah27MPHW0URDlzmH1BzoMqCifCRQ2oE6+0+CRfrJQ=
github.com/ahaooahaz/newsroom v0.0.0-20230830095721-16fe2a0d8912/go.mod h1:WXLB7y7OQzmrWChHUT+bGLGhEh0WIdqJO+fR4RVBBhI=
github.com/ahaooahaz/newsroom v0.0.0-20230906091737-331623102503 h1:SYJJ2Ny+v/o5vVFzM2HT+T8+UGewwYz3Jvu0vCXHHfA=
github.com/ahaooahaz/newsroom v0.0.0-20230906091737-331623102503/go.mod h1:WXLB7y7OQzmrWChHUT+bGLGhEh0WIdqJO+fR4RVBBhI=
github.com/ahaooahaz/newsroom v0.0.0-20230906093337-d2493a6100a4 h1:ftC1ZXxLGq8a1NDYnzL1f5R4C+0UVo1TK8IfageIllg=
github.com/ahaooahaz/newsroom v0.0.0-20230906093337-d2493a6100a4/go.mod h1:WXLB7y7OQzmrWChHUT+bGLGhEh0WIdqJO+fR4RVBBhI=
github.com/ahaooahaz/newsroom v0.0.0-20230906094112-619838ab79d8 h1:0PYLrdFxpEHxdm8WupT8Q+lEDZ1HC2IovokemL3Z1+Q=
github.com/ahaooahaz/newsroom v0.0.0-20230906094112-619838ab79d8/go.mod h1:WXLB7y7OQzmrWChHUT+bGLGhEh0WIdqJO+fR4RVBBhI=
github.com/onweru/newsroom v0.0.0-20230111134209-0c38289ad0ce h1:154LMn9uUtkbu60xl5MDKo5fb9OVbYule0GIn1ApEaY=
github.com/onweru/newsroom v0.0.0-20230111134209-0c38289ad0ce/go.mod h1:CnPS3gSJseLHZMhLLbxe+qDzR54HQ7s5RaLujOkejuM=
